{
	"name": "@yangfengzzz/physics-lite-debug",
	"version": "0.6.6",
	"lockfileVersion": 2,
	"requires": true,
	"packages": {
		"": {
			"name": "@yangfengzzz/physics-lite-debug",
			"version": "0.6.6",
			"license": "MIT",
			"dependencies": {
				"@oasis-engine/design": "0.6.6",
				"oasis-engine": "0.6.6"
			}
		},
		"node_modules/@oasis-engine/core": {
			"version": "0.6.6",
			"resolved": "https://registry.npmjs.org/@oasis-engine/core/-/core-0.6.6.tgz",
			"integrity": "sha512-bL8ArmTqy/25gaNfew6Dj3Rc45/iRZCv5W/262d5XMJL6zEsvIGl2X5L0HcOl0WMTCzeu2UqjWueTms2ov0sWQ==",
			"dependencies": {
				"@oasis-engine/math": "0.6.6"
			}
		},
		"node_modules/@oasis-engine/design": {
			"version": "0.6.6",
			"resolved": "https://registry.npmjs.org/@oasis-engine/design/-/design-0.6.6.tgz",
			"integrity": "sha512-Sj/TNpi5d8NTxhTdrDyaYJeiB/6Z8bWKmcIRCNxTzExeuynpeIUGcLBq4wJXJKLM5u6VpNsOi2haDQGjeYKYuw==",
			"dependencies": {
				"@oasis-engine/math": "0.6.6"
			}
		},
		"node_modules/@oasis-engine/draco": {
			"version": "0.6.6",
			"resolved": "https://registry.npmjs.org/@oasis-engine/draco/-/draco-0.6.6.tgz",
			"integrity": "sha512-TtMdtOOUlokk1/ZQLN30/PKukIqwvykRhC5TRA3EEdjdI7UF8pqxiajrGl/OwG32C2Wfosa4VY+tl8qRuO1xSw==",
			"dependencies": {
				"@oasis-engine/core": "0.6.6"
			}
		},
		"node_modules/@oasis-engine/loader": {
			"version": "0.6.6",
			"resolved": "https://registry.npmjs.org/@oasis-engine/loader/-/loader-0.6.6.tgz",
			"integrity": "sha512-H9mtKt7GBwEnAS4xYv5mpXt77NFKT/zgWJrIzDN3AJwU+VjIvPXcW52LzCErJ+HBKSJe5M8TEY0WH7xb7jmg9Q==",
			"dependencies": {
				"@oasis-engine/core": "0.6.6",
				"@oasis-engine/draco": "0.6.6",
				"@oasis-engine/math": "0.6.6",
				"@oasis-engine/rhi-webgl": "0.6.6"
			}
		},
		"node_modules/@oasis-engine/math": {
			"version": "0.6.6",
			"resolved": "https://registry.npmjs.org/@oasis-engine/math/-/math-0.6.6.tgz",
			"integrity": "sha512-A4kEen2wwSS9Sz2XJnvrSb95EwMqOoI3eGPGxm+y4h5lfSe+Woj1wCwOyC1YidP5lee3bF0F2fCO4G9Ya+qPNg=="
		},
		"node_modules/@oasis-engine/rhi-webgl": {
			"version": "0.6.6",
			"resolved": "https://registry.npmjs.org/@oasis-engine/rhi-webgl/-/rhi-webgl-0.6.6.tgz",
			"integrity": "sha512-t8EO+vTcS4ns85GdTepbj+KyStb03f/HvMUxIjW0stJ0le66DX4tmTSPfasEUtJr06gD4bylqdUcGMEt2jovVw==",
			"dependencies": {
				"@oasis-engine/core": "0.6.6",
				"@oasis-engine/math": "0.6.6"
			}
		},
		"node_modules/oasis-engine": {
			"version": "0.6.6",
			"resolved": "https://registry.npmjs.org/oasis-engine/-/oasis-engine-0.6.6.tgz",
			"integrity": "sha512-VyFs1PcJs5rByEFCv4JhyPR3X3kNLK9PGxRI52uYOdIagV+AA8E0GU/8YpwZjCkwZXVQ/2O4xe9r0piW6wO3OQ==",
			"dependencies": {
				"@oasis-engine/core": "0.6.6",
				"@oasis-engine/loader": "0.6.6",
				"@oasis-engine/math": "0.6.6",
				"@oasis-engine/rhi-webgl": "0.6.6"
			}
		}
	},
	"dependencies": {
		"@oasis-engine/core": {
			"version": "0.6.6",
			"resolved": "https://registry.npmjs.org/@oasis-engine/core/-/core-0.6.6.tgz",
			"integrity": "sha512-bL8ArmTqy/25gaNfew6Dj3Rc45/iRZCv5W/262d5XMJL6zEsvIGl2X5L0HcOl0WMTCzeu2UqjWueTms2ov0sWQ==",
			"requires": {
				"@oasis-engine/math": "0.6.6"
			}
		},
		"@oasis-engine/design": {
			"version": "0.6.6",
			"resolved": "https://registry.npmjs.org/@oasis-engine/design/-/design-0.6.6.tgz",
			"integrity": "sha512-Sj/TNpi5d8NTxhTdrDyaYJeiB/6Z8bWKmcIRCNxTzExeuynpeIUGcLBq4wJXJKLM5u6VpNsOi2haDQGjeYKYuw==",
			"requires": {
				"@oasis-engine/math": "0.6.6"
			}
		},
		"@oasis-engine/draco": {
			"version": "0.6.6",
			"resolved": "https://registry.npmjs.org/@oasis-engine/draco/-/draco-0.6.6.tgz",
			"integrity": "sha512-TtMdtOOUlokk1/ZQLN30/PKukIqwvykRhC5TRA3EEdjdI7UF8pqxiajrGl/OwG32C2Wfosa4VY+tl8qRuO1xSw==",
			"requires": {
				"@oasis-engine/core": "0.6.6"
			}
		},
		"@oasis-engine/loader": {
			"version": "0.6.6",
			"resolved": "https://registry.npmjs.org/@oasis-engine/loader/-/loader-0.6.6.tgz",
			"integrity": "sha512-H9mtKt7GBwEnAS4xYv5mpXt77NFKT/zgWJrIzDN3AJwU+VjIvPXcW52LzCErJ+HBKSJe5M8TEY0WH7xb7jmg9Q==",
			"requires": {
				"@oasis-engine/core": "0.6.6",
				"@oasis-engine/draco": "0.6.6",
				"@oasis-engine/math": "0.6.6",
				"@oasis-engine/rhi-webgl": "0.6.6"
			}
		},
		"@oasis-engine/math": {
			"version": "0.6.6",
			"resolved": "https://registry.npmjs.org/@oasis-engine/math/-/math-0.6.6.tgz",
			"integrity": "sha512-A4kEen2wwSS9Sz2XJnvrSb95EwMqOoI3eGPGxm+y4h5lfSe+Woj1wCwOyC1YidP5lee3bF0F2fCO4G9Ya+qPNg=="
		},
		"@oasis-engine/rhi-webgl": {
			"version": "0.6.6",
			"resolved": "https://registry.npmjs.org/@oasis-engine/rhi-webgl/-/rhi-webgl-0.6.6.tgz",
			"integrity": "sha512-t8EO+vTcS4ns85GdTepbj+KyStb03f/HvMUxIjW0stJ0le66DX4tmTSPfasEUtJr06gD4bylqdUcGMEt2jovVw==",
			"requires": {
				"@oasis-engine/core": "0.6.6",
				"@oasis-engine/math": "0.6.6"
			}
		},
		"oasis-engine": {
			"version": "0.6.6",
			"resolved": "https://registry.npmjs.org/oasis-engine/-/oasis-engine-0.6.6.tgz",
			"integrity": "sha512-VyFs1PcJs5rByEFCv4JhyPR3X3kNLK9PGxRI52uYOdIagV+AA8E0GU/8YpwZjCkwZXVQ/2O4xe9r0piW6wO3OQ==",
			"requires": {
				"@oasis-engine/core": "0.6.6",
				"@oasis-engine/loader": "0.6.6",
				"@oasis-engine/math": "0.6.6",
				"@oasis-engine/rhi-webgl": "0.6.6"
			}
		}
	}
}
